
Microsoft Visual Studio Solution File, Format Version 12.00
# Visual Studio 15
VisualStudioVersion = 15.0.27130.2010
MinimumVisualStudioVersion = 10.0.40219.1
Project("{9A19103F-16F7-4668-BE54-9A1E7A4F7556}") = "Domain", "Domain\Domain.csproj", "{FFB39321-9523-47F2-A19D-6D7D5313A9EC}"
EndProject
Project("{9A19103F-16F7-4668-BE54-9A1E7A4F7556}") = "Domain.Tests", "Domain.Tests\Domain.Tests.csproj", "{C5242B55-BE05-4D83-9214-197EACC15075}"
EndProject
Project("{9A19103F-16F7-4668-BE54-9A1E7A4F7556}") = "Runner", "Runner\Runner.csproj", "{C49E5B4C-80C0-4B98-B748-6C042B70CAD0}"
EndProject
Project("{9A19103F-16F7-4668-BE54-9A1E7A4F7556}") = "Runner.Tests", "Runner.Tests\Runner.Tests.csproj", "{67A47CAC-EE82-4FD4-812A-A1CF094BD65A}"
EndProject
Global
	GlobalSection(SolutionConfigurationPlatforms) = preSolution
		Debug|Any CPU = Debug|Any CPU
		Release|Any CPU = Release|Any CPU
	EndGlobalSection
	GlobalSection(ProjectConfigurationPlatforms) = postSolution
		{FFB39321-9523-47F2-A19D-6D7D5313A9EC}.Debug|Any CPU.ActiveCfg = Debug|Any CPU
		{FFB39321-9523-47F2-A19D-6D7D5313A9EC}.Debug|Any CPU.Build.0 = Debug|Any CPU
		{FFB39321-9523-47F2-A19D-6D7D5313A9EC}.Release|Any CPU.ActiveCfg = Release|Any CPU
		{FFB39321-9523-47F2-A19D-6D7D5313A9EC}.Release|Any CPU.Build.0 = Release|Any CPU
		{C5242B55-BE05-4D83-9214-197EACC15075}.Debug|Any CPU.ActiveCfg = Debug|Any CPU
		{C5242B55-BE05-4D83-9214-197EACC15075}.Debug|Any CPU.Build.0 = Debug|Any CPU
		{C5242B55-BE05-4D83-9214-197EACC15075}.Release|Any CPU.ActiveCfg = Release|Any CPU
		{C5242B55-BE05-4D83-9214-197EACC15075}.Release|Any CPU.Build.0 = Release|Any CPU
		{C49E5B4C-80C0-4B98-B748-6C042B70CAD0}.Debug|Any CPU.ActiveCfg = Debug|Any CPU
		{C49E5B4C-80C0-4B98-B748-6C042B70CAD0}.Debug|Any CPU.Build.0 = Debug|Any CPU
		{C49E5B4C-80C0-4B98-B748-6C042B70CAD0}.Release|Any CPU.ActiveCfg = Release|Any CPU
		{C49E5B4C-80C0-4B98-B748-6C042B70CAD0}.Release|Any CPU.Build.0 = Release|Any CPU
		{67A47CAC-EE82-4FD4-812A-A1CF094BD65A}.Debug|Any CPU.ActiveCfg = Debug|Any CPU
		{67A47CAC-EE82-4FD4-812A-A1CF094BD65A}.Debug|Any CPU.Build.0 = Debug|Any CPU
		{67A47CAC-EE82-4FD4-812A-A1CF094BD65A}.Release|Any CPU.ActiveCfg = Release|Any CPU
		{67A47CAC-EE82-4FD4-812A-A1CF094BD65A}.Release|Any CPU.Build.0 = Release|Any CPU
	EndGlobalSection
	GlobalSection(SolutionProperties) = preSolution
		HideSolutionNode = FALSE
	EndGlobalSection
	GlobalSection(ExtensibilityGlobals) = postSolution
		SolutionGuid = {D08EDF19-A755-465F-B83D-9B1D847CF300}
	EndGlobalSection
EndGlobal
